<?xml version="1.0" encoding="utf-8"?>
<Project ToolsVersion="4.0" xmlns="http://schemas.microsoft.com/developer/msbuild/2003">
  <ItemGroup>
    <Filter Include="소스 파일">
      <UniqueIdentifier>{4FC737F1-C7A5-4376-A066-2A32D752A2FF}</UniqueIdentifier>
      <Extensions>cpp;c;cc;cxx;def;odl;idl;hpj;bat;asm;asmx</Extensions>
    </Filter>
    <Filter Include="헤더 파일">
      <UniqueIdentifier>{93995380-89BD-4b04-88EB-625FBE52EBFB}</UniqueIdentifier>
      <Extensions>h;hpp;hxx;hm;inl;inc;xsd</Extensions>
    </Filter>
    <Filter Include="리소스 파일">
      <UniqueIdentifier>{67DA6AB6-F800-4c08-8B7A-83BB121AAD01}</UniqueIdentifier>
      <Extensions>rc;ico;cur;bmp;dlg;rc2;rct;bin;rgs;gif;jpg;jpeg;jpe;resx;tiff;tif;png;wav;mfcribbon-ms</Extensions>
    </Filter>
  </ItemGroup>
  <ItemGroup>
    <None Include="ReadMe.txt" />
    <None Include="res\Dts.rc2">
      <Filter>리소스 파일</Filter>
    </None>
    <None Include="res\Dts.ico">
      <Filter>리소스 파일</Filter>
    </None>
    <None Include="res\Train\pandn.bmp">
      <Filter>리소스 파일</Filter>
    </None>
    <None Include="res\Train\panup.bmp">
      <Filter>리소스 파일</Filter>
    </None>
    <None Include="res\Train\body.bmp">
      <Filter>리소스 파일</Filter>
    </None>
    <None Include="res\Train\bodyl.bmp">
      <Filter>리소스 파일</Filter>
    </None>
    <None Include="res\Train\bodyr.bmp">
      <Filter>리소스 파일</Filter>
    </None>
    <None Include="res\Train\wheelu.bmp">
      <Filter>리소스 파일</Filter>
    </None>
    <None Include="res\Train\wheel.bmp">
      <Filter>리소스 파일</Filter>
    </None>
    <None Include="res\train\bitmap2.bmp">
      <Filter>리소스 파일</Filter>
    </None>
    <None Include="res\Train\doorc.bmp">
      <Filter>리소스 파일</Filter>
    </None>
    <None Include="res\Train\dooro.bmp">
      <Filter>리소스 파일</Filter>
    </None>
    <None Include="res\train\bitmap1.bmp">
      <Filter>리소스 파일</Filter>
    </None>
    <None Include="res\Train\doorb.bmp">
      <Filter>리소스 파일</Filter>
    </None>
    <None Include="res\Train\corridor.bmp">
      <Filter>리소스 파일</Filter>
    </None>
    <None Include="res\LLeds.bmp">
      <Filter>리소스 파일</Filter>
    </None>
    <None Include="res\Train\dbpswn.bmp">
      <Filter>리소스 파일</Filter>
    </None>
    <None Include="res\Train\dbpswo.bmp">
      <Filter>리소스 파일</Filter>
    </None>
    <None Include="res\Train\demhn.bmp">
      <Filter>리소스 파일</Filter>
    </None>
    <None Include="res\Train\demho.bmp">
      <Filter>리소스 파일</Filter>
    </None>
    <None Include="res\Train\sdoorn.bmp">
      <Filter>리소스 파일</Filter>
    </None>
    <None Include="res\Train\sdoorf.bmp">
      <Filter>리소스 파일</Filter>
    </None>
    <None Include="res\Train\acloff.bmp">
      <Filter>리소스 파일</Filter>
    </None>
    <None Include="res\Train\aclon.bmp">
      <Filter>리소스 파일</Filter>
    </None>
    <None Include="res\Train\dcloff.bmp">
      <Filter>리소스 파일</Filter>
    </None>
    <None Include="res\Train\dclon.bmp">
      <Filter>리소스 파일</Filter>
    </None>
    <None Include="res\Train\panbp.bmp">
      <Filter>리소스 파일</Filter>
    </None>
    <None Include="res\Head.bmp">
      <Filter>리소스 파일</Filter>
    </None>
    <None Include="res\Check.bmp">
      <Filter>리소스 파일</Filter>
    </None>
    <None Include="res\UnCheck.bmp">
      <Filter>리소스 파일</Filter>
    </None>
    <None Include="res\Train\demehn.bmp">
      <Filter>리소스 파일</Filter>
    </None>
    <None Include="res\Train\demeho.bmp">
      <Filter>리소스 파일</Filter>
    </None>
    <None Include="res\Train\demihn.bmp">
      <Filter>리소스 파일</Filter>
    </None>
    <None Include="res\Train\demiho.bmp">
      <Filter>리소스 파일</Filter>
    </None>
  </ItemGroup>
  <ItemGroup>
    <ClInclude Include="Dts.h">
      <Filter>헤더 파일</Filter>
    </ClInclude>
    <ClInclude Include="DtsDlg.h">
      <Filter>헤더 파일</Filter>
    </ClInclude>
    <ClInclude Include="stdafx.h">
      <Filter>헤더 파일</Filter>
    </ClInclude>
    <ClInclude Include="targetver.h">
      <Filter>헤더 파일</Filter>
    </ClInclude>
    <ClInclude Include="Resource.h">
      <Filter>헤더 파일</Filter>
    </ClInclude>
    <ClInclude Include="Intro.h">
      <Filter>헤더 파일</Filter>
    </ClInclude>
    <ClInclude Include="ReferD.h">
      <Filter>헤더 파일</Filter>
    </ClInclude>
    <ClInclude Include="Log.h">
      <Filter>헤더 파일</Filter>
    </ClInclude>
    <ClInclude Include="Body.h">
      <Filter>헤더 파일</Filter>
    </ClInclude>
    <ClInclude Include="Car.h">
      <Filter>헤더 파일</Filter>
    </ClInclude>
    <ClInclude Include="Cabin.h">
      <Filter>헤더 파일</Filter>
    </ClInclude>
    <ClInclude Include="AidLed.h">
      <Filter>헤더 파일</Filter>
    </ClInclude>
    <ClInclude Include="Dato.h">
      <Filter>헤더 파일</Filter>
    </ClInclude>
    <ClInclude Include="Ddcu.h">
      <Filter>헤더 파일</Filter>
    </ClInclude>
    <ClInclude Include="AidTexts.h">
      <Filter>헤더 파일</Filter>
    </ClInclude>
    <ClInclude Include="AidStatic.h">
      <Filter>헤더 파일</Filter>
    </ClInclude>
    <ClInclude Include="Dsiv.h">
      <Filter>헤더 파일</Filter>
    </ClInclude>
    <ClInclude Include="Dv3f.h">
      <Filter>헤더 파일</Filter>
    </ClInclude>
    <ClInclude Include="Leds.h">
      <Filter>헤더 파일</Filter>
    </ClInclude>
    <ClInclude Include="Panel.h">
      <Filter>헤더 파일</Filter>
    </ClInclude>
    <ClInclude Include="Dhvac.h">
      <Filter>헤더 파일</Filter>
    </ClInclude>
    <ClInclude Include="ClientSocket.h">
      <Filter>헤더 파일</Filter>
    </ClInclude>
    <ClInclude Include="Port.h">
      <Filter>헤더 파일</Filter>
    </ClInclude>
    <ClInclude Include="AidChkList.h">
      <Filter>헤더 파일</Filter>
    </ClInclude>
    <ClInclude Include="AidInner.h">
      <Filter>헤더 파일</Filter>
    </ClInclude>
    <ClInclude Include="Rule.h">
      <Filter>헤더 파일</Filter>
    </ClInclude>
    <ClInclude Include="Doc.h">
      <Filter>헤더 파일</Filter>
    </ClInclude>
    <ClInclude Include="Dpis.h">
      <Filter>헤더 파일</Filter>
    </ClInclude>
    <ClInclude Include="Dtrs.h">
      <Filter>헤더 파일</Filter>
    </ClInclude>
    <ClInclude Include="Decu.h">
      <Filter>헤더 파일</Filter>
    </ClInclude>
    <ClInclude Include="Dashb.h">
      <Filter>헤더 파일</Filter>
    </ClInclude>
    <ClInclude Include="Dpau.h">
      <Filter>헤더 파일</Filter>
    </ClInclude>
    <ClInclude Include="Cook.h">
      <Filter>헤더 파일</Filter>
    </ClInclude>
    <ClInclude Include="Tools.h">
      <Filter>헤더 파일</Filter>
    </ClInclude>
    <ClInclude Include="Tcm.h">
      <Filter>헤더 파일</Filter>
    </ClInclude>
    <ClInclude Include="ServerSocket.h">
      <Filter>헤더 파일</Filter>
    </ClInclude>
  </ItemGroup>
  <ItemGroup>
    <ClCompile Include="Dts.cpp">
      <Filter>소스 파일</Filter>
    </ClCompile>
    <ClCompile Include="DtsDlg.cpp">
      <Filter>소스 파일</Filter>
    </ClCompile>
    <ClCompile Include="stdafx.cpp">
      <Filter>소스 파일</Filter>
    </ClCompile>
    <ClCompile Include="Intro.cpp">
      <Filter>소스 파일</Filter>
    </ClCompile>
    <ClCompile Include="Log.cpp">
      <Filter>소스 파일</Filter>
    </ClCompile>
    <ClCompile Include="Body.cpp">
      <Filter>소스 파일</Filter>
    </ClCompile>
    <ClCompile Include="Car.cpp">
      <Filter>소스 파일</Filter>
    </ClCompile>
    <ClCompile Include="Cabin.cpp">
      <Filter>소스 파일</Filter>
    </ClCompile>
    <ClCompile Include="AidLed.cpp">
      <Filter>소스 파일</Filter>
    </ClCompile>
    <ClCompile Include="Dato.cpp">
      <Filter>소스 파일</Filter>
    </ClCompile>
    <ClCompile Include="Ddcu.cpp">
      <Filter>소스 파일</Filter>
    </ClCompile>
    <ClCompile Include="AidTexts.cpp">
      <Filter>소스 파일</Filter>
    </ClCompile>
    <ClCompile Include="AidStatic.cpp">
      <Filter>소스 파일</Filter>
    </ClCompile>
    <ClCompile Include="Dsiv.cpp">
      <Filter>소스 파일</Filter>
    </ClCompile>
    <ClCompile Include="Dv3f.cpp">
      <Filter>소스 파일</Filter>
    </ClCompile>
    <ClCompile Include="Leds.cpp">
      <Filter>소스 파일</Filter>
    </ClCompile>
    <ClCompile Include="Panel.cpp">
      <Filter>소스 파일</Filter>
    </ClCompile>
    <ClCompile Include="Dhvac.cpp">
      <Filter>소스 파일</Filter>
    </ClCompile>
    <ClCompile Include="ClientSocket.cpp">
      <Filter>소스 파일</Filter>
    </ClCompile>
    <ClCompile Include="Port.cpp">
      <Filter>소스 파일</Filter>
    </ClCompile>
    <ClCompile Include="AidChkList.cpp">
      <Filter>소스 파일</Filter>
    </ClCompile>
    <ClCompile Include="AidInner.cpp">
      <Filter>소스 파일</Filter>
    </ClCompile>
    <ClCompile Include="Rule.cpp">
      <Filter>소스 파일</Filter>
    </ClCompile>
    <ClCompile Include="Doc.cpp">
      <Filter>소스 파일</Filter>
    </ClCompile>
    <ClCompile Include="Dpis.cpp">
      <Filter>소스 파일</Filter>
    </ClCompile>
    <ClCompile Include="Dtrs.cpp">
      <Filter>소스 파일</Filter>
    </ClCompile>
    <ClCompile Include="Decu.cpp">
      <Filter>소스 파일</Filter>
    </ClCompile>
    <ClCompile Include="Dashb.cpp">
      <Filter>소스 파일</Filter>
    </ClCompile>
    <ClCompile Include="Dpau.cpp">
      <Filter>소스 파일</Filter>
    </ClCompile>
    <ClCompile Include="Cook.cpp">
      <Filter>소스 파일</Filter>
    </ClCompile>
    <ClCompile Include="Tools.cpp">
      <Filter>소스 파일</Filter>
    </ClCompile>
    <ClCompile Include="Tcm.cpp">
      <Filter>소스 파일</Filter>
    </ClCompile>
    <ClCompile Include="ServerSocket.cpp">
      <Filter>소스 파일</Filter>
    </ClCompile>
  </ItemGroup>
  <ItemGroup>
    <ResourceCompile Include="Dts.rc">
      <Filter>리소스 파일</Filter>
    </ResourceCompile>
  </ItemGroup>
</Project>